
Microsoft Visual Studio Solution File, Format Version 12.00
Project("{FAE04EC0-301F-11D3-BF4B-00C04F79EFBC}") = "AES.Console", "AES.Console\AES.Console.csproj", "{DC53B1F7-0157-4280-A66B-412D59633C96}"
EndProject
Global
	GlobalSection(SolutionConfigurationPlatforms) = preSolution
		Debug|Any CPU = Debug|Any CPU
		Release|Any CPU = Release|Any CPU
	EndGlobalSection
	GlobalSection(ProjectConfigurationPlatforms) = postSolution
		{DC53B1F7-0157-4280-A66B-412D59633C96}.Debug|Any CPU.ActiveCfg = Debug|Any CPU
		{DC53B1F7-0157-4280-A66B-412D59633C96}.Debug|Any CPU.Build.0 = Debug|Any CPU
		{DC53B1F7-0157-4280-A66B-412D59633C96}.Release|Any CPU.ActiveCfg = Release|Any CPU
		{DC53B1F7-0157-4280-A66B-412D59633C96}.Release|Any CPU.Build.0 = Release|Any CPU
	EndGlobalSection
EndGlobal
